
Microsoft Visual Studio Solution File, Format Version 12.00
# Visual Studio Version 16
VisualStudioVersion = 16.0.28803.452
MinimumVisualStudioVersion = 10.0.40219.1
Project("{FAE04EC0-301F-11D3-BF4B-00C04F79EFBC}") = "HL8", "HL8\HL8.csproj", "{FA2C6A6A-57BD-49B5-B815-D2ABC205F8EC}"
EndProject
Global
	GlobalSection(SolutionConfigurationPlatforms) = preSolution
		Debug|Any CPU = Debug|Any CPU
		Release|Any CPU = Release|Any CPU
	EndGlobalSection
	GlobalSection(ProjectConfigurationPlatforms) = postSolution
		{FA2C6A6A-57BD-49B5-B815-D2ABC205F8EC}.Debug|Any CPU.ActiveCfg = Debug|Any CPU
		{FA2C6A6A-57BD-49B5-B815-D2ABC205F8EC}.Debug|Any CPU.Build.0 = Debug|Any CPU
		{FA2C6A6A-57BD-49B5-B815-D2ABC205F8EC}.Release|Any CPU.ActiveCfg = Release|Any CPU
		{FA2C6A6A-57BD-49B5-B815-D2ABC205F8EC}.Release|Any CPU.Build.0 = Release|Any CPU
	EndGlobalSection
	GlobalSection(SolutionProperties) = preSolution
		HideSolutionNode = FALSE
	EndGlobalSection
	GlobalSection(ExtensibilityGlobals) = postSolution
		SolutionGuid = {C848FFD8-76B7-408E-8FDD-08F7F496967F}
	EndGlobalSection
EndGlobal
